
Microsoft Visual Studio Solution File, Format Version 12.00
# Visual Studio 15
VisualStudioVersion = 15.0.28307.539
MinimumVisualStudioVersion = 10.0.40219.1
Project("{FAE04EC0-301F-11D3-BF4B-00C04F79EFBC}") = "TelefonRehberi", "TelefonRehberi.csproj", "{24053327-31FD-4727-BC90-FFD0939C94A4}"
EndProject
Global
	GlobalSection(SolutionConfigurationPlatforms) = preSolution
		Debug|Any CPU = Debug|Any CPU
		Release|Any CPU = Release|Any CPU
	EndGlobalSection
	GlobalSection(ProjectConfigurationPlatforms) = postSolution
		{24053327-31FD-4727-BC90-FFD0939C94A4}.Debug|Any CPU.ActiveCfg = Debug|Any CPU
		{24053327-31FD-4727-BC90-FFD0939C94A4}.Debug|Any CPU.Build.0 = Debug|Any CPU
		{24053327-31FD-4727-BC90-FFD0939C94A4}.Release|Any CPU.ActiveCfg = Release|Any CPU
		{24053327-31FD-4727-BC90-FFD0939C94A4}.Release|Any CPU.Build.0 = Release|Any CPU
	EndGlobalSection
	GlobalSection(SolutionProperties) = preSolution
		HideSolutionNode = FALSE
	EndGlobalSection
	GlobalSection(ExtensibilityGlobals) = postSolution
		SolutionGuid = {D4472A63-53BD-4B7B-AC9F-A2FA5CD57E37}
	EndGlobalSection
EndGlobal
