
Microsoft Visual Studio Solution File, Format Version 12.00
# Visual Studio 15
VisualStudioVersion = 15.0.28307.539
MinimumVisualStudioVersion = 10.0.40219.1
Project("{FAE04EC0-301F-11D3-BF4B-00C04F79EFBC}") = "tabanDegerveUs", "tabanDegerveUs.csproj", "{4E1EAF79-CCC5-47AB-90B6-0FFC2B136487}"
EndProject
Global
	GlobalSection(SolutionConfigurationPlatforms) = preSolution
		Debug|Any CPU = Debug|Any CPU
		Release|Any CPU = Release|Any CPU
	EndGlobalSection
	GlobalSection(ProjectConfigurationPlatforms) = postSolution
		{4E1EAF79-CCC5-47AB-90B6-0FFC2B136487}.Debug|Any CPU.ActiveCfg = Debug|Any CPU
		{4E1EAF79-CCC5-47AB-90B6-0FFC2B136487}.Debug|Any CPU.Build.0 = Debug|Any CPU
		{4E1EAF79-CCC5-47AB-90B6-0FFC2B136487}.Release|Any CPU.ActiveCfg = Release|Any CPU
		{4E1EAF79-CCC5-47AB-90B6-0FFC2B136487}.Release|Any CPU.Build.0 = Release|Any CPU
	EndGlobalSection
	GlobalSection(SolutionProperties) = preSolution
		HideSolutionNode = FALSE
	EndGlobalSection
	GlobalSection(ExtensibilityGlobals) = postSolution
		SolutionGuid = {87D532B0-3B4A-4F7D-AE6D-90C60DB93EBA}
	EndGlobalSection
EndGlobal
