
Microsoft Visual Studio Solution File, Format Version 12.00
# Visual Studio Version 16
VisualStudioVersion = 16.0.28803.202
MinimumVisualStudioVersion = 10.0.40219.1
Project("{FAE04EC0-301F-11D3-BF4B-00C04F79EFBC}") = "Attributes", "Attributes\Attributes.csproj", "{8F1446C5-7300-4493-805F-7B62FF947089}"
EndProject
Global
	GlobalSection(SolutionConfigurationPlatforms) = preSolution
		Debug|Any CPU = Debug|Any CPU
		Release|Any CPU = Release|Any CPU
	EndGlobalSection
	GlobalSection(ProjectConfigurationPlatforms) = postSolution
		{8F1446C5-7300-4493-805F-7B62FF947089}.Debug|Any CPU.ActiveCfg = Debug|Any CPU
		{8F1446C5-7300-4493-805F-7B62FF947089}.Debug|Any CPU.Build.0 = Debug|Any CPU
		{8F1446C5-7300-4493-805F-7B62FF947089}.Release|Any CPU.ActiveCfg = Release|Any CPU
		{8F1446C5-7300-4493-805F-7B62FF947089}.Release|Any CPU.Build.0 = Release|Any CPU
	EndGlobalSection
	GlobalSection(SolutionProperties) = preSolution
		HideSolutionNode = FALSE
	EndGlobalSection
	GlobalSection(ExtensibilityGlobals) = postSolution
		SolutionGuid = {92F53616-BFEA-4910-825B-EA6529D99287}
	EndGlobalSection
EndGlobal
