
Microsoft Visual Studio Solution File, Format Version 12.00
# Visual Studio Version 16
VisualStudioVersion = 16.0.29920.165
MinimumVisualStudioVersion = 10.0.40219.1
Project("{FAE04EC0-301F-11D3-BF4B-00C04F79EFBC}") = "Soru1", "Soru1\Soru1.csproj", "{EA5741EB-6981-41F9-923E-CB13828BE853}"
EndProject
Project("{FAE04EC0-301F-11D3-BF4B-00C04F79EFBC}") = "Soru2", "Soru2\Soru2.csproj", "{432EABA4-75EB-45C8-9227-4081E7266108}"
EndProject
Project("{FAE04EC0-301F-11D3-BF4B-00C04F79EFBC}") = "Soru3", "Soru3\Soru3.csproj", "{265CEF01-87F7-4373-BDD3-2A3567539ED1}"
EndProject
Project("{FAE04EC0-301F-11D3-BF4B-00C04F79EFBC}") = "Soru5", "Soru5\Soru5.csproj", "{7BAD6321-9FB5-4CDE-95A4-D1332B264754}"
EndProject
Project("{FAE04EC0-301F-11D3-BF4B-00C04F79EFBC}") = "Soru4", "Soru4\Soru4.csproj", "{2C627E3F-5CE3-4222-BBE0-BCA42D2CE187}"
EndProject
Global
	GlobalSection(SolutionConfigurationPlatforms) = preSolution
		Debug|Any CPU = Debug|Any CPU
		Release|Any CPU = Release|Any CPU
	EndGlobalSection
	GlobalSection(ProjectConfigurationPlatforms) = postSolution
		{EA5741EB-6981-41F9-923E-CB13828BE853}.Debug|Any CPU.ActiveCfg = Debug|Any CPU
		{EA5741EB-6981-41F9-923E-CB13828BE853}.Debug|Any CPU.Build.0 = Debug|Any CPU
		{EA5741EB-6981-41F9-923E-CB13828BE853}.Release|Any CPU.ActiveCfg = Release|Any CPU
		{EA5741EB-6981-41F9-923E-CB13828BE853}.Release|Any CPU.Build.0 = Release|Any CPU
		{432EABA4-75EB-45C8-9227-4081E7266108}.Debug|Any CPU.ActiveCfg = Debug|Any CPU
		{432EABA4-75EB-45C8-9227-4081E7266108}.Debug|Any CPU.Build.0 = Debug|Any CPU
		{432EABA4-75EB-45C8-9227-4081E7266108}.Release|Any CPU.ActiveCfg = Release|Any CPU
		{432EABA4-75EB-45C8-9227-4081E7266108}.Release|Any CPU.Build.0 = Release|Any CPU
		{265CEF01-87F7-4373-BDD3-2A3567539ED1}.Debug|Any CPU.ActiveCfg = Debug|Any CPU
		{265CEF01-87F7-4373-BDD3-2A3567539ED1}.Debug|Any CPU.Build.0 = Debug|Any CPU
		{265CEF01-87F7-4373-BDD3-2A3567539ED1}.Release|Any CPU.ActiveCfg = Release|Any CPU
		{265CEF01-87F7-4373-BDD3-2A3567539ED1}.Release|Any CPU.Build.0 = Release|Any CPU
		{7BAD6321-9FB5-4CDE-95A4-D1332B264754}.Debug|Any CPU.ActiveCfg = Debug|Any CPU
		{7BAD6321-9FB5-4CDE-95A4-D1332B264754}.Debug|Any CPU.Build.0 = Debug|Any CPU
		{7BAD6321-9FB5-4CDE-95A4-D1332B264754}.Release|Any CPU.ActiveCfg = Release|Any CPU
		{7BAD6321-9FB5-4CDE-95A4-D1332B264754}.Release|Any CPU.Build.0 = Release|Any CPU
		{2C627E3F-5CE3-4222-BBE0-BCA42D2CE187}.Debug|Any CPU.ActiveCfg = Debug|Any CPU
		{2C627E3F-5CE3-4222-BBE0-BCA42D2CE187}.Debug|Any CPU.Build.0 = Debug|Any CPU
		{2C627E3F-5CE3-4222-BBE0-BCA42D2CE187}.Release|Any CPU.ActiveCfg = Release|Any CPU
		{2C627E3F-5CE3-4222-BBE0-BCA42D2CE187}.Release|Any CPU.Build.0 = Release|Any CPU
	EndGlobalSection
	GlobalSection(SolutionProperties) = preSolution
		HideSolutionNode = FALSE
	EndGlobalSection
	GlobalSection(ExtensibilityGlobals) = postSolution
		SolutionGuid = {2A308182-C5AA-4DE3-8480-2A1A5E744E3D}
	EndGlobalSection
EndGlobal
